Microsoft Visual Studio Solution File, Format Version 12.00
# Visual Studio 2013
VisualStudioVersion = 12.0.40629.0
MinimumVisualStudioVersion = 10.0.40219.1
Project("{F184B08F-C81C-45F6-A57F-5ABD9991F28F}") = "BCL", "BCL\BCL.vbproj", "{7D6007B9-CE73-4FA7-8620-0F2C9E9E800A}"
EndProject
Project("{FAE04EC0-301F-11D3-BF4B-00C04F79EFBC}") = "DALC", "DALC\DALC.csproj", "{7AB40B0B-F56B-4525-BA74-B70BD02BF687}"
EndProject
Project("{F184B08F-C81C-45F6-A57F-5ABD9991F28F}") = "PROPMANS.REPORTS", "PROPMANS.REPORTS\PROPMANS.REPORTS.vbproj", "{5761B3F0-9085-4206-8318-807E2D2F6E93}"
EndProject
Project("{F184B08F-C81C-45F6-A57F-5ABD9991F28F}") = "PROPMANS.BASE_MOD", "PROPMANS.BASE\PROPMANS.BASE_MOD.vbproj", "{DF1650DE-759D-4E79-A500-65858BB18863}"
EndProject
Project("{F184B08F-C81C-45F6-A57F-5ABD9991F28F}") = "PROPMANS.ACCOUNT_MANAGEMENT_MOD", "PROPMANS.ACCOUNT_MGMT\PROPMANS.ACCOUNT_MANAGEMENT_MOD.vbproj", "{24A53F3C-868C-45FE-868A-6B9C9CD31D31}"
EndProject
Project("{F184B08F-C81C-45F6-A57F-5ABD9991F28F}") = "PROPMANS.ADMIN_MOD", "PROPMANS.ADMIN\PROPMANS.ADMIN_MOD.vbproj", "{196EFED9-575E-40DB-B021-5DD3E1FC44C4}"
EndProject
Project("{F184B08F-C81C-45F6-A57F-5ABD9991F28F}") = "PROPMANS.UTILITIES_MOD", "PROPMANS.UTILITIES\PROPMANS.UTILITIES_MOD.vbproj", "{140A8D5B-5AB8-4DFD-8BDB-F96F0689EB33}"
EndProject
Project("{F184B08F-C81C-45F6-A57F-5ABD9991F28F}") = "PROPMANS.BILLINGS_MOD", "PROPMANS.BILLINGS\PROPMANS.BILLINGS_MOD.vbproj", "{13848C07-87A7-48CA-A0A1-1712C7D8D1DC}"
EndProject
Project("{F184B08F-C81C-45F6-A57F-5ABD9991F28F}") = "PROPMANS.COLLECTIONS_MOD", "PROPMANS.COLLECTIONS\PROPMANS.COLLECTIONS_MOD.vbproj", "{BA592D94-67DA-4670-B05D-02A013FFB55A}"
EndProject
Project("{FAE04EC0-301F-11D3-BF4B-00C04F79EFBC}") = "TransactionsVerifier", "QB.TRANS_VERIFIER\TransactionsVerifier.csproj", "{9BB0686E-C595-4EDB-AD6E-208E6ED65FFD}"
EndProject
Project("{FAE04EC0-301F-11D3-BF4B-00C04F79EFBC}") = "QBooksUploader", "QB.UPLOADER\QBooksUploader.csproj", "{564E83E6-A80F-4591-BDAC-DCE54F285EB3}"
EndProject
Project("{FAE04EC0-301F-11D3-BF4B-00C04F79EFBC}") = "PROPMANS.CHECK_MONITORING", "PROPMANS.CHECK_MONITORING\PROPMANS.CHECK_MONITORING.csproj", "{A235C7DC-88E3-4CDC-82BF-475957E4BF2E}"
EndProject
Project("{F184B08F-C81C-45F6-A57F-5ABD9991F28F}") = "PROPMANS.MAIN", "PROPMANS.MAIN\PROPMANS.MAIN.vbproj", "{DD45E39B-74D2-4479-AC9C-2876857D42FA}"
EndProject
Project("{6141683F-8A12-4E36-9623-2EB02B2C2303}") = "PROPMANS.ISetup", "PROPMANS.ISetup\PROPMANS.ISetup.isproj", "{92873C8F-1AEE-4501-A753-71051B9475EC}"
EndProject
Project("{FAE04EC0-301F-11D3-BF4B-00C04F79EFBC}") = "PROPMANS.TECHNICAL", "PROPMANS.TECHNICAL\PROPMANS.TECHNICAL.csproj", "{DB1F28CF-682E-4A93-A337-54F1D2EBFB5A}"
EndProject
Project("{FAE04EC0-301F-11D3-BF4B-00C04F79EFBC}") = "PROPMANS.ACCOUNT_SEARCH", "PROPMANS.ACCOUNT_SEARCH\PROPMANS.ACCOUNT_SEARCH.csproj", "{88FF8DF6-86FC-40AD-B4BE-71B87A4A5423}"
EndProject
Project("{FAE04EC0-301F-11D3-BF4B-00C04F79EFBC}") = "PROPMANS.RMS", "PROPMANS.RMS\PROPMANS.RMS.csproj", "{F94D9266-BCC0-40D3-8727-7F0F13D946E0}"
EndProject
Project("{FAE04EC0-301F-11D3-BF4B-00C04F79EFBC}") = "ORADBHELPER", "ORADBHELPER\ORADBHELPER.csproj", "{36BF2F9D-4228-4830-ABAE-6F17B4DACA9E}"
EndProject
Project("{2150E333-8FDC-42A3-9474-1A3956D46DE8}") = "BL", "BL", "{5F2C1012-368D-44E9-9808-6FE2A96D4A17}"
EndProject
Project("{FAE04EC0-301F-11D3-BF4B-00C04F79EFBC}") = "AccountManagementBL", "BL\AccountManagement\AccountManagementBL.csproj", "{37F8A28B-A40E-48F8-B827-206E3E68C25E}"
EndProject
Project("{2150E333-8FDC-42A3-9474-1A3956D46DE8}") = "_UTILS", "_UTILS", "{1D1B12D8-5C3C-4D20-833B-9BAABCAB662B}"
EndProject
Project("{FAE04EC0-301F-11D3-BF4B-00C04F79EFBC}") = "EnumLib", "EnumLib\EnumLib.csproj", "{F82EA56B-4288-4AE6-99E1-1551D7A1ED8E}"
EndProject
Project("{2150E333-8FDC-42A3-9474-1A3956D46DE8}") = "VIEW", "VIEW", "{2C734120-A9FE-4A39-8DB2-A15A92D8F204}"
EndProject
Project("{FAE04EC0-301F-11D3-BF4B-00C04F79EFBC}") = "AccountManagement", "AccountManagement\AccountManagement.csproj", "{07BC6940-61D2-490A-A194-EF6814AA87D8}"
EndProject
Global
	GlobalSection(SolutionConfigurationPlatforms) = preSolution
		CD_ROM|Any CPU = CD_ROM|Any CPU
		CD_ROM|Mixed Platforms = CD_ROM|Mixed Platforms
		CD_ROM|x86 = CD_ROM|x86
		Debug|Any CPU = Debug|Any CPU
		Debug|Mixed Platforms = Debug|Mixed Platforms
		Debug|x86 = Debug|x86
		DVD-5|Any CPU = DVD-5|Any CPU
		DVD-5|Mixed Platforms = DVD-5|Mixed Platforms
		DVD-5|x86 = DVD-5|x86
		Release|Any CPU = Release|Any CPU
		Release|Mixed Platforms = Release|Mixed Platforms
		Release|x86 = Release|x86
		SingleImage|Any CPU = SingleImage|Any CPU
		SingleImage|Mixed Platforms = SingleImage|Mixed Platforms
		SingleImage|x86 = SingleImage|x86
	EndGlobalSection
	GlobalSection(ProjectConfigurationPlatforms) = postSolution
		{7D6007B9-CE73-4FA7-8620-0F2C9E9E800A}.CD_ROM|Any CPU.ActiveCfg = Release|Any CPU
		{7D6007B9-CE73-4FA7-8620-0F2C9E9E800A}.CD_ROM|Any CPU.Build.0 = Release|Any CPU
		{7D6007B9-CE73-4FA7-8620-0F2C9E9E800A}.CD_ROM|Mixed Platforms.ActiveCfg = Debug|x86
		{7D6007B9-CE73-4FA7-8620-0F2C9E9E800A}.CD_ROM|Mixed Platforms.Build.0 = Debug|x86
		{7D6007B9-CE73-4FA7-8620-0F2C9E9E800A}.CD_ROM|x86.ActiveCfg = Release|x86
		{7D6007B9-CE73-4FA7-8620-0F2C9E9E800A}.CD_ROM|x86.Build.0 = Release|x86
		{7D6007B9-CE73-4FA7-8620-0F2C9E9E800A}.Debug|Any CPU.ActiveCfg = Debug|Any CPU
		{7D6007B9-CE73-4FA7-8620-0F2C9E9E800A}.Debug|Any CPU.Build.0 = Debug|Any CPU
		{7D6007B9-CE73-4FA7-8620-0F2C9E9E800A}.Debug|Mixed Platforms.ActiveCfg = Debug|x86
		{7D6007B9-CE73-4FA7-8620-0F2C9E9E800A}.Debug|Mixed Platforms.Build.0 = Debug|x86
		{7D6007B9-CE73-4FA7-8620-0F2C9E9E800A}.Debug|x86.ActiveCfg = Debug|x86
		{7D6007B9-CE73-4FA7-8620-0F2C9E9E800A}.Debug|x86.Build.0 = Debug|x86
		{7D6007B9-CE73-4FA7-8620-0F2C9E9E800A}.DVD-5|Any CPU.ActiveCfg = Debug|Any CPU
		{7D6007B9-CE73-4FA7-8620-0F2C9E9E800A}.DVD-5|Any CPU.Build.0 = Debug|Any CPU
		{7D6007B9-CE73-4FA7-8620-0F2C9E9E800A}.DVD-5|Mixed Platforms.ActiveCfg = Debug|x86
		{7D6007B9-CE73-4FA7-8620-0F2C9E9E800A}.DVD-5|Mixed Platforms.Build.0 = Debug|x86
		{7D6007B9-CE73-4FA7-8620-0F2C9E9E800A}.DVD-5|x86.ActiveCfg = Debug|x86
		{7D6007B9-CE73-4FA7-8620-0F2C9E9E800A}.DVD-5|x86.Build.0 = Debug|x86
		{7D6007B9-CE73-4FA7-8620-0F2C9E9E800A}.Release|Any CPU.ActiveCfg = Release|Any CPU
		{7D6007B9-CE73-4FA7-8620-0F2C9E9E800A}.Release|Any CPU.Build.0 = Release|Any CPU
		{7D6007B9-CE73-4FA7-8620-0F2C9E9E800A}.Release|Mixed Platforms.ActiveCfg = Release|x86
		{7D6007B9-CE73-4FA7-8620-0F2C9E9E800A}.Release|Mixed Platforms.Build.0 = Release|x86
		{7D6007B9-CE73-4FA7-8620-0F2C9E9E800A}.Release|x86.ActiveCfg = Release|x86
		{7D6007B9-CE73-4FA7-8620-0F2C9E9E800A}.Release|x86.Build.0 = Release|x86
		{7D6007B9-CE73-4FA7-8620-0F2C9E9E800A}.SingleImage|Any CPU.ActiveCfg = Release|Any CPU
		{7D6007B9-CE73-4FA7-8620-0F2C9E9E800A}.SingleImage|Any CPU.Build.0 = Release|Any CPU
		{7D6007B9-CE73-4FA7-8620-0F2C9E9E800A}.SingleImage|Mixed Platforms.ActiveCfg = Debug|x86
		{7D6007B9-CE73-4FA7-8620-0F2C9E9E800A}.SingleImage|Mixed Platforms.Build.0 = Debug|x86
		{7D6007B9-CE73-4FA7-8620-0F2C9E9E800A}.SingleImage|x86.ActiveCfg = Release|x86
		{7D6007B9-CE73-4FA7-8620-0F2C9E9E800A}.SingleImage|x86.Build.0 = Release|x86
		{7AB40B0B-F56B-4525-BA74-B70BD02BF687}.CD_ROM|Any CPU.ActiveCfg = Release|Any CPU
		{7AB40B0B-F56B-4525-BA74-B70BD02BF687}.CD_ROM|Any CPU.Build.0 = Release|Any CPU
		{7AB40B0B-F56B-4525-BA74-B70BD02BF687}.CD_ROM|Mixed Platforms.ActiveCfg = Debug|x86
		{7AB40B0B-F56B-4525-BA74-B70BD02BF687}.CD_ROM|Mixed Platforms.Build.0 = Debug|x86
		{7AB40B0B-F56B-4525-BA74-B70BD02BF687}.CD_ROM|x86.ActiveCfg = Release|x86
		{7AB40B0B-F56B-4525-BA74-B70BD02BF687}.CD_ROM|x86.Build.0 = Release|x86
		{7AB40B0B-F56B-4525-BA74-B70BD02BF687}.Debug|Any CPU.ActiveCfg = Debug|Any CPU
		{7AB40B0B-F56B-4525-BA74-B70BD02BF687}.Debug|Any CPU.Build.0 = Debug|Any CPU
		{7AB40B0B-F56B-4525-BA74-B70BD02BF687}.Debug|Mixed Platforms.ActiveCfg = Debug|x86
		{7AB40B0B-F56B-4525-BA74-B70BD02BF687}.Debug|Mixed Platforms.Build.0 = Debug|x86
		{7AB40B0B-F56B-4525-BA74-B70BD02BF687}.Debug|x86.ActiveCfg = Debug|x86
		{7AB40B0B-F56B-4525-BA74-B70BD02BF687}.Debug|x86.Build.0 = Debug|x86
		{7AB40B0B-F56B-4525-BA74-B70BD02BF687}.DVD-5|Any CPU.ActiveCfg = Debug|Any CPU
		{7AB40B0B-F56B-4525-BA74-B70BD02BF687}.DVD-5|Any CPU.Build.0 = Debug|Any CPU
		{7AB40B0B-F56B-4525-BA74-B70BD02BF687}.DVD-5|Mixed Platforms.ActiveCfg = Debug|x86
		{7AB40B0B-F56B-4525-BA74-B70BD02BF687}.DVD-5|Mixed Platforms.Build.0 = Debug|x86
		{7AB40B0B-F56B-4525-BA74-B70BD02BF687}.DVD-5|x86.ActiveCfg = Debug|x86
		{7AB40B0B-F56B-4525-BA74-B70BD02BF687}.DVD-5|x86.Build.0 = Debug|x86
		{7AB40B0B-F56B-4525-BA74-B70BD02BF687}.Release|Any CPU.ActiveCfg = Release|Any CPU
		{7AB40B0B-F56B-4525-BA74-B70BD02BF687}.Release|Any CPU.Build.0 = Release|Any CPU
		{7AB40B0B-F56B-4525-BA74-B70BD02BF687}.Release|Mixed Platforms.ActiveCfg = Release|x86
		{7AB40B0B-F56B-4525-BA74-B70BD02BF687}.Release|Mixed Platforms.Build.0 = Release|x86
		{7AB40B0B-F56B-4525-BA74-B70BD02BF687}.Release|x86.ActiveCfg = Release|x86
		{7AB40B0B-F56B-4525-BA74-B70BD02BF687}.Release|x86.Build.0 = Release|x86
		{7AB40B0B-F56B-4525-BA74-B70BD02BF687}.SingleImage|Any CPU.ActiveCfg = Release|Any CPU
		{7AB40B0B-F56B-4525-BA74-B70BD02BF687}.SingleImage|Any CPU.Build.0 = Release|Any CPU
		{7AB40B0B-F56B-4525-BA74-B70BD02BF687}.SingleImage|Mixed Platforms.ActiveCfg = Debug|x86
		{7AB40B0B-F56B-4525-BA74-B70BD02BF687}.SingleImage|Mixed Platforms.Build.0 = Debug|x86
		{7AB40B0B-F56B-4525-BA74-B70BD02BF687}.SingleImage|x86.ActiveCfg = Release|x86
		{7AB40B0B-F56B-4525-BA74-B70BD02BF687}.SingleImage|x86.Build.0 = Release|x86
		{5761B3F0-9085-4206-8318-807E2D2F6E93}.CD_ROM|Any CPU.ActiveCfg = Release|Any CPU
		{5761B3F0-9085-4206-8318-807E2D2F6E93}.CD_ROM|Any CPU.Build.0 = Release|Any CPU
		{5761B3F0-9085-4206-8318-807E2D2F6E93}.CD_ROM|Mixed Platforms.ActiveCfg = Debug|x86
		{5761B3F0-9085-4206-8318-807E2D2F6E93}.CD_ROM|Mixed Platforms.Build.0 = Debug|x86
		{5761B3F0-9085-4206-8318-807E2D2F6E93}.CD_ROM|x86.ActiveCfg = Release|x86
		{5761B3F0-9085-4206-8318-807E2D2F6E93}.CD_ROM|x86.Build.0 = Release|x86
		{5761B3F0-9085-4206-8318-807E2D2F6E93}.Debug|Any CPU.ActiveCfg = Debug|Any CPU
		{5761B3F0-9085-4206-8318-807E2D2F6E93}.Debug|Any CPU.Build.0 = Debug|Any CPU
		{5761B3F0-9085-4206-8318-807E2D2F6E93}.Debug|Mixed Platforms.ActiveCfg = Debug|x86
		{5761B3F0-9085-4206-8318-807E2D2F6E93}.Debug|Mixed Platforms.Build.0 = Debug|x86
		{5761B3F0-9085-4206-8318-807E2D2F6E93}.Debug|x86.ActiveCfg = Debug|x86
		{5761B3F0-9085-4206-8318-807E2D2F6E93}.Debug|x86.Build.0 = Debug|x86
		{5761B3F0-9085-4206-8318-807E2D2F6E93}.DVD-5|Any CPU.ActiveCfg = Debug|Any CPU
		{5761B3F0-9085-4206-8318-807E2D2F6E93}.DVD-5|Any CPU.Build.0 = Debug|Any CPU
		{5761B3F0-9085-4206-8318-807E2D2F6E93}.DVD-5|Mixed Platforms.ActiveCfg = Debug|x86
		{5761B3F0-9085-4206-8318-807E2D2F6E93}.DVD-5|Mixed Platforms.Build.0 = Debug|x86
		{5761B3F0-9085-4206-8318-807E2D2F6E93}.DVD-5|x86.ActiveCfg = Debug|x86
		{5761B3F0-9085-4206-8318-807E2D2F6E93}.DVD-5|x86.Build.0 = Debug|x86
		{5761B3F0-9085-4206-8318-807E2D2F6E93}.Release|Any CPU.ActiveCfg = Release|Any CPU
		{5761B3F0-9085-4206-8318-807E2D2F6E93}.Release|Any CPU.Build.0 = Release|Any CPU
		{5761B3F0-9085-4206-8318-807E2D2F6E93}.Release|Mixed Platforms.ActiveCfg = Release|x86
		{5761B3F0-9085-4206-8318-807E2D2F6E93}.Release|Mixed Platforms.Build.0 = Release|x86
		{5761B3F0-9085-4206-8318-807E2D2F6E93}.Release|x86.ActiveCfg = Release|x86
		{5761B3F0-9085-4206-8318-807E2D2F6E93}.Release|x86.Build.0 = Release|x86
		{5761B3F0-9085-4206-8318-807E2D2F6E93}.SingleImage|Any CPU.ActiveCfg = Release|Any CPU
		{5761B3F0-9085-4206-8318-807E2D2F6E93}.SingleImage|Any CPU.Build.0 = Release|Any CPU
		{5761B3F0-9085-4206-8318-807E2D2F6E93}.SingleImage|Mixed Platforms.ActiveCfg = Debug|x86
		{5761B3F0-9085-4206-8318-807E2D2F6E93}.SingleImage|Mixed Platforms.Build.0 = Debug|x86
		{5761B3F0-9085-4206-8318-807E2D2F6E93}.SingleImage|x86.ActiveCfg = Release|x86
		{5761B3F0-9085-4206-8318-807E2D2F6E93}.SingleImage|x86.Build.0 = Release|x86
		{DF1650DE-759D-4E79-A500-65858BB18863}.CD_ROM|Any CPU.ActiveCfg = Release|Any CPU
		{DF1650DE-759D-4E79-A500-65858BB18863}.CD_ROM|Any CPU.Build.0 = Release|Any CPU
		{DF1650DE-759D-4E79-A500-65858BB18863}.CD_ROM|Mixed Platforms.ActiveCfg = Debug|x86
		{DF1650DE-759D-4E79-A500-65858BB18863}.CD_ROM|Mixed Platforms.Build.0 = Debug|x86
		{DF1650DE-759D-4E79-A500-65858BB18863}.CD_ROM|x86.ActiveCfg = Release|x86
		{DF1650DE-759D-4E79-A500-65858BB18863}.CD_ROM|x86.Build.0 = Release|x86
		{DF1650DE-759D-4E79-A500-65858BB18863}.Debug|Any CPU.ActiveCfg = Debug|Any CPU
		{DF1650DE-759D-4E79-A500-65858BB18863}.Debug|Any CPU.Build.0 = Debug|Any CPU
		{DF1650DE-759D-4E79-A500-65858BB18863}.Debug|Mixed Platforms.ActiveCfg = Debug|x86
		{DF1650DE-759D-4E79-A500-65858BB18863}.Debug|Mixed Platforms.Build.0 = Debug|x86
		{DF1650DE-759D-4E79-A500-65858BB18863}.Debug|x86.ActiveCfg = Debug|x86
		{DF1650DE-759D-4E79-A500-65858BB18863}.Debug|x86.Build.0 = Debug|x86
		{DF1650DE-759D-4E79-A500-65858BB18863}.DVD-5|Any CPU.ActiveCfg = Debug|Any CPU
		{DF1650DE-759D-4E79-A500-65858BB18863}.DVD-5|Any CPU.Build.0 = Debug|Any CPU
		{DF1650DE-759D-4E79-A500-65858BB18863}.DVD-5|Mixed Platforms.ActiveCfg = Debug|x86
		{DF1650DE-759D-4E79-A500-65858BB18863}.DVD-5|Mixed Platforms.Build.0 = Debug|x86
		{DF1650DE-759D-4E79-A500-65858BB18863}.DVD-5|x86.ActiveCfg = Debug|x86
		{DF1650DE-759D-4E79-A500-65858BB18863}.DVD-5|x86.Build.0 = Debug|x86
		{DF1650DE-759D-4E79-A500-65858BB18863}.Release|Any CPU.ActiveCfg = Release|Any CPU
		{DF1650DE-759D-4E79-A500-65858BB18863}.Release|Any CPU.Build.0 = Release|Any CPU
		{DF1650DE-759D-4E79-A500-65858BB18863}.Release|Mixed Platforms.ActiveCfg = Release|x86
		{DF1650DE-759D-4E79-A500-65858BB18863}.Release|Mixed Platforms.Build.0 = Release|x86
		{DF1650DE-759D-4E79-A500-65858BB18863}.Release|x86.ActiveCfg = Release|x86
		{DF1650DE-759D-4E79-A500-65858BB18863}.Release|x86.Build.0 = Release|x86
		{DF1650DE-759D-4E79-A500-65858BB18863}.SingleImage|Any CPU.ActiveCfg = Release|Any CPU
		{DF1650DE-759D-4E79-A500-65858BB18863}.SingleImage|Any CPU.Build.0 = Release|Any CPU
		{DF1650DE-759D-4E79-A500-65858BB18863}.SingleImage|Mixed Platforms.ActiveCfg = Debug|x86
		{DF1650DE-759D-4E79-A500-65858BB18863}.SingleImage|Mixed Platforms.Build.0 = Debug|x86
		{DF1650DE-759D-4E79-A500-65858BB18863}.SingleImage|x86.ActiveCfg = Release|x86
		{DF1650DE-759D-4E79-A500-65858BB18863}.SingleImage|x86.Build.0 = Release|x86
		{24A53F3C-868C-45FE-868A-6B9C9CD31D31}.CD_ROM|Any CPU.ActiveCfg = Release|Any CPU
		{24A53F3C-868C-45FE-868A-6B9C9CD31D31}.CD_ROM|Any CPU.Build.0 = Release|Any CPU
		{24A53F3C-868C-45FE-868A-6B9C9CD31D31}.CD_ROM|Mixed Platforms.ActiveCfg = Debug|x86
		{24A53F3C-868C-45FE-868A-6B9C9CD31D31}.CD_ROM|Mixed Platforms.Build.0 = Debug|x86
		{24A53F3C-868C-45FE-868A-6B9C9CD31D31}.CD_ROM|x86.ActiveCfg = Release|x86
		{24A53F3C-868C-45FE-868A-6B9C9CD31D31}.CD_ROM|x86.Build.0 = Release|x86
		{24A53F3C-868C-45FE-868A-6B9C9CD31D31}.Debug|Any CPU.ActiveCfg = Debug|Any CPU
		{24A53F3C-868C-45FE-868A-6B9C9CD31D31}.Debug|Any CPU.Build.0 = Debug|Any CPU
		{24A53F3C-868C-45FE-868A-6B9C9CD31D31}.Debug|Mixed Platforms.ActiveCfg = Debug|x86
		{24A53F3C-868C-45FE-868A-6B9C9CD31D31}.Debug|Mixed Platforms.Build.0 = Debug|x86
		{24A53F3C-868C-45FE-868A-6B9C9CD31D31}.Debug|x86.ActiveCfg = Debug|x86
		{24A53F3C-868C-45FE-868A-6B9C9CD31D31}.Debug|x86.Build.0 = Debug|x86
		{24A53F3C-868C-45FE-868A-6B9C9CD31D31}.DVD-5|Any CPU.ActiveCfg = Debug|Any CPU
		{24A53F3C-868C-45FE-868A-6B9C9CD31D31}.DVD-5|Any CPU.Build.0 = Debug|Any CPU
		{24A53F3C-868C-45FE-868A-6B9C9CD31D31}.DVD-5|Mixed Platforms.ActiveCfg = Debug|x86
		{24A53F3C-868C-45FE-868A-6B9C9CD31D31}.DVD-5|Mixed Platforms.Build.0 = Debug|x86
		{24A53F3C-868C-45FE-868A-6B9C9CD31D31}.DVD-5|x86.ActiveCfg = Debug|x86
		{24A53F3C-868C-45FE-868A-6B9C9CD31D31}.DVD-5|x86.Build.0 = Debug|x86
		{24A53F3C-868C-45FE-868A-6B9C9CD31D31}.Release|Any CPU.ActiveCfg = Release|Any CPU
		{24A53F3C-868C-45FE-868A-6B9C9CD31D31}.Release|Any CPU.Build.0 = Release|Any CPU
		{24A53F3C-868C-45FE-868A-6B9C9CD31D31}.Release|Mixed Platforms.ActiveCfg = Release|x86
		{24A53F3C-868C-45FE-868A-6B9C9CD31D31}.Release|Mixed Platforms.Build.0 = Release|x86
		{24A53F3C-868C-45FE-868A-6B9C9CD31D31}.Release|x86.ActiveCfg = Release|x86
		{24A53F3C-868C-45FE-868A-6B9C9CD31D31}.Release|x86.Build.0 = Release|x86
		{24A53F3C-868C-45FE-868A-6B9C9CD31D31}.SingleImage|Any CPU.ActiveCfg = Release|Any CPU
		{24A53F3C-868C-45FE-868A-6B9C9CD31D31}.SingleImage|Any CPU.Build.0 = Release|Any CPU
		{24A53F3C-868C-45FE-868A-6B9C9CD31D31}.SingleImage|Mixed Platforms.ActiveCfg = Debug|x86
		{24A53F3C-868C-45FE-868A-6B9C9CD31D31}.SingleImage|Mixed Platforms.Build.0 = Debug|x86
		{24A53F3C-868C-45FE-868A-6B9C9CD31D31}.SingleImage|x86.ActiveCfg = Release|x86
		{24A53F3C-868C-45FE-868A-6B9C9CD31D31}.SingleImage|x86.Build.0 = Release|x86
		{196EFED9-575E-40DB-B021-5DD3E1FC44C4}.CD_ROM|Any CPU.ActiveCfg = Release|Any CPU
		{196EFED9-575E-40DB-B021-5DD3E1FC44C4}.CD_ROM|Any CPU.Build.0 = Release|Any CPU
		{196EFED9-575E-40DB-B021-5DD3E1FC44C4}.CD_ROM|Mixed Platforms.ActiveCfg = Debug|x86
		{196EFED9-575E-40DB-B021-5DD3E1FC44C4}.CD_ROM|Mixed Platforms.Build.0 = Debug|x86
		{196EFED9-575E-40DB-B021-5DD3E1FC44C4}.CD_ROM|x86.ActiveCfg = Release|x86
		{196EFED9-575E-40DB-B021-5DD3E1FC44C4}.CD_ROM|x86.Build.0 = Release|x86
		{196EFED9-575E-40DB-B021-5DD3E1FC44C4}.Debug|Any CPU.ActiveCfg = Debug|Any CPU
		{196EFED9-575E-40DB-B021-5DD3E1FC44C4}.Debug|Any CPU.Build.0 = Debug|Any CPU
		{196EFED9-575E-40DB-B021-5DD3E1FC44C4}.Debug|Mixed Platforms.ActiveCfg = Debug|x86
		{196EFED9-575E-40DB-B021-5DD3E1FC44C4}.Debug|Mixed Platforms.Build.0 = Debug|x86
		{196EFED9-575E-40DB-B021-5DD3E1FC44C4}.Debug|x86.ActiveCfg = Debug|x86
		{196EFED9-575E-40DB-B021-5DD3E1FC44C4}.Debug|x86.Build.0 = Debug|x86
		{196EFED9-575E-40DB-B021-5DD3E1FC44C4}.DVD-5|Any CPU.ActiveCfg = Debug|Any CPU
		{196EFED9-575E-40DB-B021-5DD3E1FC44C4}.DVD-5|Any CPU.Build.0 = Debug|Any CPU
		{196EFED9-575E-40DB-B021-5DD3E1FC44C4}.DVD-5|Mixed Platforms.ActiveCfg = Debug|x86
		{196EFED9-575E-40DB-B021-5DD3E1FC44C4}.DVD-5|Mixed Platforms.Build.0 = Debug|x86
		{196EFED9-575E-40DB-B021-5DD3E1FC44C4}.DVD-5|x86.ActiveCfg = Debug|x86
		{196EFED9-575E-40DB-B021-5DD3E1FC44C4}.DVD-5|x86.Build.0 = Debug|x86
		{196EFED9-575E-40DB-B021-5DD3E1FC44C4}.Release|Any CPU.ActiveCfg = Release|Any CPU
		{196EFED9-575E-40DB-B021-5DD3E1FC44C4}.Release|Any CPU.Build.0 = Release|Any CPU
		{196EFED9-575E-40DB-B021-5DD3E1FC44C4}.Release|Mixed Platforms.ActiveCfg = Release|x86
		{196EFED9-575E-40DB-B021-5DD3E1FC44C4}.Release|Mixed Platforms.Build.0 = Release|x86
		{196EFED9-575E-40DB-B021-5DD3E1FC44C4}.Release|x86.ActiveCfg = Release|x86
		{196EFED9-575E-40DB-B021-5DD3E1FC44C4}.Release|x86.Build.0 = Release|x86
		{196EFED9-575E-40DB-B021-5DD3E1FC44C4}.SingleImage|Any CPU.ActiveCfg = Release|Any CPU
		{196EFED9-575E-40DB-B021-5DD3E1FC44C4}.SingleImage|Any CPU.Build.0 = Release|Any CPU
		{196EFED9-575E-40DB-B021-5DD3E1FC44C4}.SingleImage|Mixed Platforms.ActiveCfg = Debug|x86
		{196EFED9-575E-40DB-B021-5DD3E1FC44C4}.SingleImage|Mixed Platforms.Build.0 = Debug|x86
		{196EFED9-575E-40DB-B021-5DD3E1FC44C4}.SingleImage|x86.ActiveCfg = Release|x86
		{196EFED9-575E-40DB-B021-5DD3E1FC44C4}.SingleImage|x86.Build.0 = Release|x86
		{140A8D5B-5AB8-4DFD-8BDB-F96F0689EB33}.CD_ROM|Any CPU.ActiveCfg = Release|Any CPU
		{140A8D5B-5AB8-4DFD-8BDB-F96F0689EB33}.CD_ROM|Any CPU.Build.0 = Release|Any CPU
		{140A8D5B-5AB8-4DFD-8BDB-F96F0689EB33}.CD_ROM|Mixed Platforms.ActiveCfg = Debug|x86
		{140A8D5B-5AB8-4DFD-8BDB-F96F0689EB33}.CD_ROM|Mixed Platforms.Build.0 = Debug|x86
		{140A8D5B-5AB8-4DFD-8BDB-F96F0689EB33}.CD_ROM|x86.ActiveCfg = Release|x86
		{140A8D5B-5AB8-4DFD-8BDB-F96F0689EB33}.CD_ROM|x86.Build.0 = Release|x86
		{140A8D5B-5AB8-4DFD-8BDB-F96F0689EB33}.Debug|Any CPU.ActiveCfg = Debug|Any CPU
		{140A8D5B-5AB8-4DFD-8BDB-F96F0689EB33}.Debug|Any CPU.Build.0 = Debug|Any CPU
		{140A8D5B-5AB8-4DFD-8BDB-F96F0689EB33}.Debug|Mixed Platforms.ActiveCfg = Debug|x86
		{140A8D5B-5AB8-4DFD-8BDB-F96F0689EB33}.Debug|Mixed Platforms.Build.0 = Debug|x86
		{140A8D5B-5AB8-4DFD-8BDB-F96F0689EB33}.Debug|x86.ActiveCfg = Debug|x86
		{140A8D5B-5AB8-4DFD-8BDB-F96F0689EB33}.Debug|x86.Build.0 = Debug|x86
		{140A8D5B-5AB8-4DFD-8BDB-F96F0689EB33}.DVD-5|Any CPU.ActiveCfg = Debug|Any CPU
		{140A8D5B-5AB8-4DFD-8BDB-F96F0689EB33}.DVD-5|Any CPU.Build.0 = Debug|Any CPU
		{140A8D5B-5AB8-4DFD-8BDB-F96F0689EB33}.DVD-5|Mixed Platforms.ActiveCfg = Debug|x86
		{140A8D5B-5AB8-4DFD-8BDB-F96F0689EB33}.DVD-5|Mixed Platforms.Build.0 = Debug|x86
		{140A8D5B-5AB8-4DFD-8BDB-F96F0689EB33}.DVD-5|x86.ActiveCfg = Debug|x86
		{140A8D5B-5AB8-4DFD-8BDB-F96F0689EB33}.DVD-5|x86.Build.0 = Debug|x86
		{140A8D5B-5AB8-4DFD-8BDB-F96F0689EB33}.Release|Any CPU.ActiveCfg = Release|Any CPU
		{140A8D5B-5AB8-4DFD-8BDB-F96F0689EB33}.Release|Any CPU.Build.0 = Release|Any CPU
		{140A8D5B-5AB8-4DFD-8BDB-F96F0689EB33}.Release|Mixed Platforms.ActiveCfg = Release|x86
		{140A8D5B-5AB8-4DFD-8BDB-F96F0689EB33}.Release|Mixed Platforms.Build.0 = Release|x86
		{140A8D5B-5AB8-4DFD-8BDB-F96F0689EB33}.Release|x86.ActiveCfg = Release|x86
		{140A8D5B-5AB8-4DFD-8BDB-F96F0689EB33}.Release|x86.Build.0 = Release|x86
		{140A8D5B-5AB8-4DFD-8BDB-F96F0689EB33}.SingleImage|Any CPU.ActiveCfg = Release|Any CPU
		{140A8D5B-5AB8-4DFD-8BDB-F96F0689EB33}.SingleImage|Any CPU.Build.0 = Release|Any CPU
		{140A8D5B-5AB8-4DFD-8BDB-F96F0689EB33}.SingleImage|Mixed Platforms.ActiveCfg = Debug|x86
		{140A8D5B-5AB8-4DFD-8BDB-F96F0689EB33}.SingleImage|Mixed Platforms.Build.0 = Debug|x86
		{140A8D5B-5AB8-4DFD-8BDB-F96F0689EB33}.SingleImage|x86.ActiveCfg = Release|x86
		{140A8D5B-5AB8-4DFD-8BDB-F96F0689EB33}.SingleImage|x86.Build.0 = Release|x86
		{13848C07-87A7-48CA-A0A1-1712C7D8D1DC}.CD_ROM|Any CPU.ActiveCfg = Release|Any CPU
		{13848C07-87A7-48CA-A0A1-1712C7D8D1DC}.CD_ROM|Any CPU.Build.0 = Release|Any CPU
		{13848C07-87A7-48CA-A0A1-1712C7D8D1DC}.CD_ROM|Mixed Platforms.ActiveCfg = Debug|x86
		{13848C07-87A7-48CA-A0A1-1712C7D8D1DC}.CD_ROM|Mixed Platforms.Build.0 = Debug|x86
		{13848C07-87A7-48CA-A0A1-1712C7D8D1DC}.CD_ROM|x86.ActiveCfg = Release|x86
		{13848C07-87A7-48CA-A0A1-1712C7D8D1DC}.CD_ROM|x86.Build.0 = Release|x86
		{13848C07-87A7-48CA-A0A1-1712C7D8D1DC}.Debug|Any CPU.ActiveCfg = Debug|Any CPU
		{13848C07-87A7-48CA-A0A1-1712C7D8D1DC}.Debug|Any CPU.Build.0 = Debug|Any CPU
		{13848C07-87A7-48CA-A0A1-1712C7D8D1DC}.Debug|Mixed Platforms.ActiveCfg = Debug|x86
		{13848C07-87A7-48CA-A0A1-1712C7D8D1DC}.Debug|Mixed Platforms.Build.0 = Debug|x86
		{13848C07-87A7-48CA-A0A1-1712C7D8D1DC}.Debug|x86.ActiveCfg = Debug|x86
		{13848C07-87A7-48CA-A0A1-1712C7D8D1DC}.Debug|x86.Build.0 = Debug|x86
		{13848C07-87A7-48CA-A0A1-1712C7D8D1DC}.DVD-5|Any CPU.ActiveCfg = Debug|Any CPU
		{13848C07-87A7-48CA-A0A1-1712C7D8D1DC}.DVD-5|Any CPU.Build.0 = Debug|Any CPU
		{13848C07-87A7-48CA-A0A1-1712C7D8D1DC}.DVD-5|Mixed Platforms.ActiveCfg = Debug|x86
		{13848C07-87A7-48CA-A0A1-1712C7D8D1DC}.DVD-5|Mixed Platforms.Build.0 = Debug|x86
		{13848C07-87A7-48CA-A0A1-1712C7D8D1DC}.DVD-5|x86.ActiveCfg = Debug|x86
		{13848C07-87A7-48CA-A0A1-1712C7D8D1DC}.DVD-5|x86.Build.0 = Debug|x86
		{13848C07-87A7-48CA-A0A1-1712C7D8D1DC}.Release|Any CPU.ActiveCfg = Release|Any CPU
		{13848C07-87A7-48CA-A0A1-1712C7D8D1DC}.Release|Any CPU.Build.0 = Release|Any CPU
		{13848C07-87A7-48CA-A0A1-1712C7D8D1DC}.Release|Mixed Platforms.ActiveCfg = Release|x86
		{13848C07-87A7-48CA-A0A1-1712C7D8D1DC}.Release|Mixed Platforms.Build.0 = Release|x86
		{13848C07-87A7-48CA-A0A1-1712C7D8D1DC}.Release|x86.ActiveCfg = Release|x86
		{13848C07-87A7-48CA-A0A1-1712C7D8D1DC}.Release|x86.Build.0 = Release|x86
		{13848C07-87A7-48CA-A0A1-1712C7D8D1DC}.SingleImage|Any CPU.ActiveCfg = Release|Any CPU
		{13848C07-87A7-48CA-A0A1-1712C7D8D1DC}.SingleImage|Any CPU.Build.0 = Release|Any CPU
		{13848C07-87A7-48CA-A0A1-1712C7D8D1DC}.SingleImage|Mixed Platforms.ActiveCfg = Debug|x86
		{13848C07-87A7-48CA-A0A1-1712C7D8D1DC}.SingleImage|Mixed Platforms.Build.0 = Debug|x86
		{13848C07-87A7-48CA-A0A1-1712C7D8D1DC}.SingleImage|x86.ActiveCfg = Release|x86
		{13848C07-87A7-48CA-A0A1-1712C7D8D1DC}.SingleImage|x86.Build.0 = Release|x86
		{BA592D94-67DA-4670-B05D-02A013FFB55A}.CD_ROM|Any CPU.ActiveCfg = Release|Any CPU
		{BA592D94-67DA-4670-B05D-02A013FFB55A}.CD_ROM|Any CPU.Build.0 = Release|Any CPU
		{BA592D94-67DA-4670-B05D-02A013FFB55A}.CD_ROM|Mixed Platforms.ActiveCfg = Debug|x86
		{BA592D94-67DA-4670-B05D-02A013FFB55A}.CD_ROM|Mixed Platforms.Build.0 = Debug|x86
		{BA592D94-67DA-4670-B05D-02A013FFB55A}.CD_ROM|x86.ActiveCfg = Release|x86
		{BA592D94-67DA-4670-B05D-02A013FFB55A}.CD_ROM|x86.Build.0 = Release|x86
		{BA592D94-67DA-4670-B05D-02A013FFB55A}.Debug|Any CPU.ActiveCfg = Debug|Any CPU
		{BA592D94-67DA-4670-B05D-02A013FFB55A}.Debug|Any CPU.Build.0 = Debug|Any CPU
		{BA592D94-67DA-4670-B05D-02A013FFB55A}.Debug|Mixed Platforms.ActiveCfg = Debug|x86
		{BA592D94-67DA-4670-B05D-02A013FFB55A}.Debug|Mixed Platforms.Build.0 = Debug|x86
		{BA592D94-67DA-4670-B05D-02A013FFB55A}.Debug|x86.ActiveCfg = Debug|x86
		{BA592D94-67DA-4670-B05D-02A013FFB55A}.Debug|x86.Build.0 = Debug|x86
		{BA592D94-67DA-4670-B05D-02A013FFB55A}.DVD-5|Any CPU.ActiveCfg = Debug|Any CPU
		{BA592D94-67DA-4670-B05D-02A013FFB55A}.DVD-5|Any CPU.Build.0 = Debug|Any CPU
		{BA592D94-67DA-4670-B05D-02A013FFB55A}.DVD-5|Mixed Platforms.ActiveCfg = Debug|x86
		{BA592D94-67DA-4670-B05D-02A013FFB55A}.DVD-5|Mixed Platforms.Build.0 = Debug|x86
		{BA592D94-67DA-4670-B05D-02A013FFB55A}.DVD-5|x86.ActiveCfg = Debug|x86
		{BA592D94-67DA-4670-B05D-02A013FFB55A}.DVD-5|x86.Build.0 = Debug|x86
		{BA592D94-67DA-4670-B05D-02A013FFB55A}.Release|Any CPU.ActiveCfg = Release|Any CPU
		{BA592D94-67DA-4670-B05D-02A013FFB55A}.Release|Any CPU.Build.0 = Release|Any CPU
		{BA592D94-67DA-4670-B05D-02A013FFB55A}.Release|Mixed Platforms.ActiveCfg = Release|x86
		{BA592D94-67DA-4670-B05D-02A013FFB55A}.Release|Mixed Platforms.Build.0 = Release|x86
		{BA592D94-67DA-4670-B05D-02A013FFB55A}.Release|x86.ActiveCfg = Release|x86
		{BA592D94-67DA-4670-B05D-02A013FFB55A}.Release|x86.Build.0 = Release|x86
		{BA592D94-67DA-4670-B05D-02A013FFB55A}.SingleImage|Any CPU.ActiveCfg = Release|Any CPU
		{BA592D94-67DA-4670-B05D-02A013FFB55A}.SingleImage|Any CPU.Build.0 = Release|Any CPU
		{BA592D94-67DA-4670-B05D-02A013FFB55A}.SingleImage|Mixed Platforms.ActiveCfg = Debug|x86
		{BA592D94-67DA-4670-B05D-02A013FFB55A}.SingleImage|Mixed Platforms.Build.0 = Debug|x86
		{BA592D94-67DA-4670-B05D-02A013FFB55A}.SingleImage|x86.ActiveCfg = Release|x86
		{BA592D94-67DA-4670-B05D-02A013FFB55A}.SingleImage|x86.Build.0 = Release|x86
		{9BB0686E-C595-4EDB-AD6E-208E6ED65FFD}.CD_ROM|Any CPU.ActiveCfg = Release|Any CPU
		{9BB0686E-C595-4EDB-AD6E-208E6ED65FFD}.CD_ROM|Any CPU.Build.0 = Release|Any CPU
		{9BB0686E-C595-4EDB-AD6E-208E6ED65FFD}.CD_ROM|Mixed Platforms.ActiveCfg = Debug|x86
		{9BB0686E-C595-4EDB-AD6E-208E6ED65FFD}.CD_ROM|Mixed Platforms.Build.0 = Debug|x86
		{9BB0686E-C595-4EDB-AD6E-208E6ED65FFD}.CD_ROM|x86.ActiveCfg = Release|x86
		{9BB0686E-C595-4EDB-AD6E-208E6ED65FFD}.CD_ROM|x86.Build.0 = Release|x86
		{9BB0686E-C595-4EDB-AD6E-208E6ED65FFD}.Debug|Any CPU.ActiveCfg = Debug|Any CPU
		{9BB0686E-C595-4EDB-AD6E-208E6ED65FFD}.Debug|Any CPU.Build.0 = Debug|Any CPU
		{9BB0686E-C595-4EDB-AD6E-208E6ED65FFD}.Debug|Mixed Platforms.ActiveCfg = Debug|x86
		{9BB0686E-C595-4EDB-AD6E-208E6ED65FFD}.Debug|Mixed Platforms.Build.0 = Debug|x86
		{9BB0686E-C595-4EDB-AD6E-208E6ED65FFD}.Debug|x86.ActiveCfg = Debug|x86
		{9BB0686E-C595-4EDB-AD6E-208E6ED65FFD}.Debug|x86.Build.0 = Debug|x86
		{9BB0686E-C595-4EDB-AD6E-208E6ED65FFD}.DVD-5|Any CPU.ActiveCfg = Debug|Any CPU
		{9BB0686E-C595-4EDB-AD6E-208E6ED65FFD}.DVD-5|Any CPU.Build.0 = Debug|Any CPU
		{9BB0686E-C595-4EDB-AD6E-208E6ED65FFD}.DVD-5|Mixed Platforms.ActiveCfg = Debug|x86
		{9BB0686E-C595-4EDB-AD6E-208E6ED65FFD}.DVD-5|Mixed Platforms.Build.0 = Debug|x86
		{9BB0686E-C595-4EDB-AD6E-208E6ED65FFD}.DVD-5|x86.ActiveCfg = Debug|x86
		{9BB0686E-C595-4EDB-AD6E-208E6ED65FFD}.DVD-5|x86.Build.0 = Debug|x86
		{9BB0686E-C595-4EDB-AD6E-208E6ED65FFD}.Release|Any CPU.ActiveCfg = Release|Any CPU
		{9BB0686E-C595-4EDB-AD6E-208E6ED65FFD}.Release|Any CPU.Build.0 = Release|Any CPU
		{9BB0686E-C595-4EDB-AD6E-208E6ED65FFD}.Release|Mixed Platforms.ActiveCfg = Release|x86
		{9BB0686E-C595-4EDB-AD6E-208E6ED65FFD}.Release|Mixed Platforms.Build.0 = Release|x86
		{9BB0686E-C595-4EDB-AD6E-208E6ED65FFD}.Release|x86.ActiveCfg = Release|x86
		{9BB0686E-C595-4EDB-AD6E-208E6ED65FFD}.Release|x86.Build.0 = Release|x86
		{9BB0686E-C595-4EDB-AD6E-208E6ED65FFD}.SingleImage|Any CPU.ActiveCfg = Release|Any CPU
		{9BB0686E-C595-4EDB-AD6E-208E6ED65FFD}.SingleImage|Any CPU.Build.0 = Release|Any CPU
		{9BB0686E-C595-4EDB-AD6E-208E6ED65FFD}.SingleImage|Mixed Platforms.ActiveCfg = Debug|x86
		{9BB0686E-C595-4EDB-AD6E-208E6ED65FFD}.SingleImage|Mixed Platforms.Build.0 = Debug|x86
		{9BB0686E-C595-4EDB-AD6E-208E6ED65FFD}.SingleImage|x86.ActiveCfg = Release|x86
		{9BB0686E-C595-4EDB-AD6E-208E6ED65FFD}.SingleImage|x86.Build.0 = Release|x86
		{564E83E6-A80F-4591-BDAC-DCE54F285EB3}.CD_ROM|Any CPU.ActiveCfg = Release|Any CPU
		{564E83E6-A80F-4591-BDAC-DCE54F285EB3}.CD_ROM|Any CPU.Build.0 = Release|Any CPU
		{564E83E6-A80F-4591-BDAC-DCE54F285EB3}.CD_ROM|Mixed Platforms.ActiveCfg = Debug|x86
		{564E83E6-A80F-4591-BDAC-DCE54F285EB3}.CD_ROM|Mixed Platforms.Build.0 = Debug|x86
		{564E83E6-A80F-4591-BDAC-DCE54F285EB3}.CD_ROM|x86.ActiveCfg = Release|x86
		{564E83E6-A80F-4591-BDAC-DCE54F285EB3}.CD_ROM|x86.Build.0 = Release|x86
		{564E83E6-A80F-4591-BDAC-DCE54F285EB3}.Debug|Any CPU.ActiveCfg = Debug|Any CPU
		{564E83E6-A80F-4591-BDAC-DCE54F285EB3}.Debug|Any CPU.Build.0 = Debug|Any CPU
		{564E83E6-A80F-4591-BDAC-DCE54F285EB3}.Debug|Mixed Platforms.ActiveCfg = Debug|x86
		{564E83E6-A80F-4591-BDAC-DCE54F285EB3}.Debug|Mixed Platforms.Build.0 = Debug|x86
		{564E83E6-A80F-4591-BDAC-DCE54F285EB3}.Debug|x86.ActiveCfg = Debug|x86
		{564E83E6-A80F-4591-BDAC-DCE54F285EB3}.Debug|x86.Build.0 = Debug|x86
		{564E83E6-A80F-4591-BDAC-DCE54F285EB3}.DVD-5|Any CPU.ActiveCfg = Debug|Any CPU
		{564E83E6-A80F-4591-BDAC-DCE54F285EB3}.DVD-5|Any CPU.Build.0 = Debug|Any CPU
		{564E83E6-A80F-4591-BDAC-DCE54F285EB3}.DVD-5|Mixed Platforms.ActiveCfg = Debug|x86
		{564E83E6-A80F-4591-BDAC-DCE54F285EB3}.DVD-5|Mixed Platforms.Build.0 = Debug|x86
		{564E83E6-A80F-4591-BDAC-DCE54F285EB3}.DVD-5|x86.ActiveCfg = Debug|x86
		{564E83E6-A80F-4591-BDAC-DCE54F285EB3}.DVD-5|x86.Build.0 = Debug|x86
		{564E83E6-A80F-4591-BDAC-DCE54F285EB3}.Release|Any CPU.ActiveCfg = Release|Any CPU
		{564E83E6-A80F-4591-BDAC-DCE54F285EB3}.Release|Any CPU.Build.0 = Release|Any CPU
		{564E83E6-A80F-4591-BDAC-DCE54F285EB3}.Release|Mixed Platforms.ActiveCfg = Release|x86
		{564E83E6-A80F-4591-BDAC-DCE54F285EB3}.Release|Mixed Platforms.Build.0 = Release|x86
		{564E83E6-A80F-4591-BDAC-DCE54F285EB3}.Release|x86.ActiveCfg = Release|x86
		{564E83E6-A80F-4591-BDAC-DCE54F285EB3}.Release|x86.Build.0 = Release|x86
		{564E83E6-A80F-4591-BDAC-DCE54F285EB3}.SingleImage|Any CPU.ActiveCfg = Release|Any CPU
		{564E83E6-A80F-4591-BDAC-DCE54F285EB3}.SingleImage|Any CPU.Build.0 = Release|Any CPU
		{564E83E6-A80F-4591-BDAC-DCE54F285EB3}.SingleImage|Mixed Platforms.ActiveCfg = Debug|x86
		{564E83E6-A80F-4591-BDAC-DCE54F285EB3}.SingleImage|Mixed Platforms.Build.0 = Debug|x86
		{564E83E6-A80F-4591-BDAC-DCE54F285EB3}.SingleImage|x86.ActiveCfg = Release|x86
		{564E83E6-A80F-4591-BDAC-DCE54F285EB3}.SingleImage|x86.Build.0 = Release|x86
		{A235C7DC-88E3-4CDC-82BF-475957E4BF2E}.CD_ROM|Any CPU.ActiveCfg = Release|Any CPU
		{A235C7DC-88E3-4CDC-82BF-475957E4BF2E}.CD_ROM|Any CPU.Build.0 = Release|Any CPU
		{A235C7DC-88E3-4CDC-82BF-475957E4BF2E}.CD_ROM|Mixed Platforms.ActiveCfg = Debug|x86
		{A235C7DC-88E3-4CDC-82BF-475957E4BF2E}.CD_ROM|Mixed Platforms.Build.0 = Debug|x86
		{A235C7DC-88E3-4CDC-82BF-475957E4BF2E}.CD_ROM|x86.ActiveCfg = Release|x86
		{A235C7DC-88E3-4CDC-82BF-475957E4BF2E}.CD_ROM|x86.Build.0 = Release|x86
		{A235C7DC-88E3-4CDC-82BF-475957E4BF2E}.Debug|Any CPU.ActiveCfg = Debug|Any CPU
		{A235C7DC-88E3-4CDC-82BF-475957E4BF2E}.Debug|Any CPU.Build.0 = Debug|Any CPU
		{A235C7DC-88E3-4CDC-82BF-475957E4BF2E}.Debug|Mixed Platforms.ActiveCfg = Debug|x86
		{A235C7DC-88E3-4CDC-82BF-475957E4BF2E}.Debug|Mixed Platforms.Build.0 = Debug|x86
		{A235C7DC-88E3-4CDC-82BF-475957E4BF2E}.Debug|x86.ActiveCfg = Debug|x86
		{A235C7DC-88E3-4CDC-82BF-475957E4BF2E}.Debug|x86.Build.0 = Debug|x86
		{A235C7DC-88E3-4CDC-82BF-475957E4BF2E}.DVD-5|Any CPU.ActiveCfg = Debug|Any CPU
		{A235C7DC-88E3-4CDC-82BF-475957E4BF2E}.DVD-5|Any CPU.Build.0 = Debug|Any CPU
		{A235C7DC-88E3-4CDC-82BF-475957E4BF2E}.DVD-5|Mixed Platforms.ActiveCfg = Debug|x86
		{A235C7DC-88E3-4CDC-82BF-475957E4BF2E}.DVD-5|Mixed Platforms.Build.0 = Debug|x86
		{A235C7DC-88E3-4CDC-82BF-475957E4BF2E}.DVD-5|x86.ActiveCfg = Debug|x86
		{A235C7DC-88E3-4CDC-82BF-475957E4BF2E}.DVD-5|x86.Build.0 = Debug|x86
		{A235C7DC-88E3-4CDC-82BF-475957E4BF2E}.Release|Any CPU.ActiveCfg = Release|Any CPU
		{A235C7DC-88E3-4CDC-82BF-475957E4BF2E}.Release|Any CPU.Build.0 = Release|Any CPU
		{A235C7DC-88E3-4CDC-82BF-475957E4BF2E}.Release|Mixed Platforms.ActiveCfg = Release|x86
		{A235C7DC-88E3-4CDC-82BF-475957E4BF2E}.Release|Mixed Platforms.Build.0 = Release|x86
		{A235C7DC-88E3-4CDC-82BF-475957E4BF2E}.Release|x86.ActiveCfg = Release|x86
		{A235C7DC-88E3-4CDC-82BF-475957E4BF2E}.Release|x86.Build.0 = Release|x86
		{A235C7DC-88E3-4CDC-82BF-475957E4BF2E}.SingleImage|Any CPU.ActiveCfg = Release|Any CPU
		{A235C7DC-88E3-4CDC-82BF-475957E4BF2E}.SingleImage|Any CPU.Build.0 = Release|Any CPU
		{A235C7DC-88E3-4CDC-82BF-475957E4BF2E}.SingleImage|Mixed Platforms.ActiveCfg = Debug|x86
		{A235C7DC-88E3-4CDC-82BF-475957E4BF2E}.SingleImage|Mixed Platforms.Build.0 = Debug|x86
		{A235C7DC-88E3-4CDC-82BF-475957E4BF2E}.SingleImage|x86.ActiveCfg = Release|x86
		{A235C7DC-88E3-4CDC-82BF-475957E4BF2E}.SingleImage|x86.Build.0 = Release|x86
		{DD45E39B-74D2-4479-AC9C-2876857D42FA}.CD_ROM|Any CPU.ActiveCfg = Release|Any CPU
		{DD45E39B-74D2-4479-AC9C-2876857D42FA}.CD_ROM|Any CPU.Build.0 = Release|Any CPU
		{DD45E39B-74D2-4479-AC9C-2876857D42FA}.CD_ROM|Mixed Platforms.ActiveCfg = Debug|x86
		{DD45E39B-74D2-4479-AC9C-2876857D42FA}.CD_ROM|Mixed Platforms.Build.0 = Debug|x86
		{DD45E39B-74D2-4479-AC9C-2876857D42FA}.CD_ROM|x86.ActiveCfg = Release|x86
		{DD45E39B-74D2-4479-AC9C-2876857D42FA}.CD_ROM|x86.Build.0 = Release|x86
		{DD45E39B-74D2-4479-AC9C-2876857D42FA}.Debug|Any CPU.ActiveCfg = Debug|Any CPU
		{DD45E39B-74D2-4479-AC9C-2876857D42FA}.Debug|Any CPU.Build.0 = Debug|Any CPU
		{DD45E39B-74D2-4479-AC9C-2876857D42FA}.Debug|Mixed Platforms.ActiveCfg = Debug|x86
		{DD45E39B-74D2-4479-AC9C-2876857D42FA}.Debug|Mixed Platforms.Build.0 = Debug|x86
		{DD45E39B-74D2-4479-AC9C-2876857D42FA}.Debug|x86.ActiveCfg = Debug|x86
		{DD45E39B-74D2-4479-AC9C-2876857D42FA}.Debug|x86.Build.0 = Debug|x86
		{DD45E39B-74D2-4479-AC9C-2876857D42FA}.DVD-5|Any CPU.ActiveCfg = Debug|Any CPU
		{DD45E39B-74D2-4479-AC9C-2876857D42FA}.DVD-5|Any CPU.Build.0 = Debug|Any CPU
		{DD45E39B-74D2-4479-AC9C-2876857D42FA}.DVD-5|Mixed Platforms.ActiveCfg = Debug|x86
		{DD45E39B-74D2-4479-AC9C-2876857D42FA}.DVD-5|Mixed Platforms.Build.0 = Debug|x86
		{DD45E39B-74D2-4479-AC9C-2876857D42FA}.DVD-5|x86.ActiveCfg = Debug|x86
		{DD45E39B-74D2-4479-AC9C-2876857D42FA}.DVD-5|x86.Build.0 = Debug|x86
		{DD45E39B-74D2-4479-AC9C-2876857D42FA}.Release|Any CPU.ActiveCfg = Release|Any CPU
		{DD45E39B-74D2-4479-AC9C-2876857D42FA}.Release|Any CPU.Build.0 = Release|Any CPU
		{DD45E39B-74D2-4479-AC9C-2876857D42FA}.Release|Mixed Platforms.ActiveCfg = Release|x86
		{DD45E39B-74D2-4479-AC9C-2876857D42FA}.Release|Mixed Platforms.Build.0 = Release|x86
		{DD45E39B-74D2-4479-AC9C-2876857D42FA}.Release|x86.ActiveCfg = Release|x86
		{DD45E39B-74D2-4479-AC9C-2876857D42FA}.Release|x86.Build.0 = Release|x86
		{DD45E39B-74D2-4479-AC9C-2876857D42FA}.SingleImage|Any CPU.ActiveCfg = Release|Any CPU
		{DD45E39B-74D2-4479-AC9C-2876857D42FA}.SingleImage|Any CPU.Build.0 = Release|Any CPU
		{DD45E39B-74D2-4479-AC9C-2876857D42FA}.SingleImage|Mixed Platforms.ActiveCfg = Debug|x86
		{DD45E39B-74D2-4479-AC9C-2876857D42FA}.SingleImage|Mixed Platforms.Build.0 = Debug|x86
		{DD45E39B-74D2-4479-AC9C-2876857D42FA}.SingleImage|x86.ActiveCfg = Release|x86
		{DD45E39B-74D2-4479-AC9C-2876857D42FA}.SingleImage|x86.Build.0 = Release|x86
		{92873C8F-1AEE-4501-A753-71051B9475EC}.CD_ROM|Any CPU.ActiveCfg = CD_ROM
		{92873C8F-1AEE-4501-A753-71051B9475EC}.CD_ROM|Any CPU.Build.0 = CD_ROM
		{92873C8F-1AEE-4501-A753-71051B9475EC}.CD_ROM|Mixed Platforms.ActiveCfg = CD_ROM
		{92873C8F-1AEE-4501-A753-71051B9475EC}.CD_ROM|Mixed Platforms.Build.0 = CD_ROM
		{92873C8F-1AEE-4501-A753-71051B9475EC}.CD_ROM|x86.ActiveCfg = CD_ROM
		{92873C8F-1AEE-4501-A753-71051B9475EC}.CD_ROM|x86.Build.0 = CD_ROM
		{92873C8F-1AEE-4501-A753-71051B9475EC}.Debug|Any CPU.ActiveCfg = DVD-5
		{92873C8F-1AEE-4501-A753-71051B9475EC}.Debug|Mixed Platforms.ActiveCfg = SingleImage
		{92873C8F-1AEE-4501-A753-71051B9475EC}.Debug|x86.ActiveCfg = SingleImage
		{92873C8F-1AEE-4501-A753-71051B9475EC}.DVD-5|Any CPU.ActiveCfg = DVD-5
		{92873C8F-1AEE-4501-A753-71051B9475EC}.DVD-5|Any CPU.Build.0 = DVD-5
		{92873C8F-1AEE-4501-A753-71051B9475EC}.DVD-5|Mixed Platforms.ActiveCfg = DVD-5
		{92873C8F-1AEE-4501-A753-71051B9475EC}.DVD-5|Mixed Platforms.Build.0 = DVD-5
		{92873C8F-1AEE-4501-A753-71051B9475EC}.DVD-5|x86.ActiveCfg = DVD-5
		{92873C8F-1AEE-4501-A753-71051B9475EC}.DVD-5|x86.Build.0 = DVD-5
		{92873C8F-1AEE-4501-A753-71051B9475EC}.Release|Any CPU.ActiveCfg = SingleImage
		{92873C8F-1AEE-4501-A753-71051B9475EC}.Release|Any CPU.Build.0 = SingleImage
		{92873C8F-1AEE-4501-A753-71051B9475EC}.Release|Mixed Platforms.ActiveCfg = SingleImage
		{92873C8F-1AEE-4501-A753-71051B9475EC}.Release|x86.ActiveCfg = SingleImage
		{92873C8F-1AEE-4501-A753-71051B9475EC}.SingleImage|Any CPU.ActiveCfg = SingleImage
		{92873C8F-1AEE-4501-A753-71051B9475EC}.SingleImage|Any CPU.Build.0 = SingleImage
		{92873C8F-1AEE-4501-A753-71051B9475EC}.SingleImage|Mixed Platforms.ActiveCfg = SingleImage
		{92873C8F-1AEE-4501-A753-71051B9475EC}.SingleImage|Mixed Platforms.Build.0 = SingleImage
		{92873C8F-1AEE-4501-A753-71051B9475EC}.SingleImage|x86.ActiveCfg = SingleImage
		{92873C8F-1AEE-4501-A753-71051B9475EC}.SingleImage|x86.Build.0 = SingleImage
		{DB1F28CF-682E-4A93-A337-54F1D2EBFB5A}.CD_ROM|Any CPU.ActiveCfg = Release|Any CPU
		{DB1F28CF-682E-4A93-A337-54F1D2EBFB5A}.CD_ROM|Any CPU.Build.0 = Release|Any CPU
		{DB1F28CF-682E-4A93-A337-54F1D2EBFB5A}.CD_ROM|Mixed Platforms.ActiveCfg = Release|Any CPU
		{DB1F28CF-682E-4A93-A337-54F1D2EBFB5A}.CD_ROM|Mixed Platforms.Build.0 = Release|Any CPU
		{DB1F28CF-682E-4A93-A337-54F1D2EBFB5A}.CD_ROM|x86.ActiveCfg = Release|Any CPU
		{DB1F28CF-682E-4A93-A337-54F1D2EBFB5A}.Debug|Any CPU.ActiveCfg = Debug|Any CPU
		{DB1F28CF-682E-4A93-A337-54F1D2EBFB5A}.Debug|Any CPU.Build.0 = Debug|Any CPU
		{DB1F28CF-682E-4A93-A337-54F1D2EBFB5A}.Debug|Mixed Platforms.ActiveCfg = Debug|x86
		{DB1F28CF-682E-4A93-A337-54F1D2EBFB5A}.Debug|Mixed Platforms.Build.0 = Debug|x86
		{DB1F28CF-682E-4A93-A337-54F1D2EBFB5A}.Debug|x86.ActiveCfg = Debug|Any CPU
		{DB1F28CF-682E-4A93-A337-54F1D2EBFB5A}.DVD-5|Any CPU.ActiveCfg = Debug|Any CPU
		{DB1F28CF-682E-4A93-A337-54F1D2EBFB5A}.DVD-5|Any CPU.Build.0 = Debug|Any CPU
		{DB1F28CF-682E-4A93-A337-54F1D2EBFB5A}.DVD-5|Mixed Platforms.ActiveCfg = Debug|Any CPU
		{DB1F28CF-682E-4A93-A337-54F1D2EBFB5A}.DVD-5|Mixed Platforms.Build.0 = Debug|Any CPU
		{DB1F28CF-682E-4A93-A337-54F1D2EBFB5A}.DVD-5|x86.ActiveCfg = Debug|Any CPU
		{DB1F28CF-682E-4A93-A337-54F1D2EBFB5A}.Release|Any CPU.ActiveCfg = Release|Any CPU
		{DB1F28CF-682E-4A93-A337-54F1D2EBFB5A}.Release|Any CPU.Build.0 = Release|Any CPU
		{DB1F28CF-682E-4A93-A337-54F1D2EBFB5A}.Release|Mixed Platforms.ActiveCfg = Release|x86
		{DB1F28CF-682E-4A93-A337-54F1D2EBFB5A}.Release|Mixed Platforms.Build.0 = Release|x86
		{DB1F28CF-682E-4A93-A337-54F1D2EBFB5A}.Release|x86.ActiveCfg = Release|Any CPU
		{DB1F28CF-682E-4A93-A337-54F1D2EBFB5A}.SingleImage|Any CPU.ActiveCfg = Release|Any CPU
		{DB1F28CF-682E-4A93-A337-54F1D2EBFB5A}.SingleImage|Any CPU.Build.0 = Release|Any CPU
		{DB1F28CF-682E-4A93-A337-54F1D2EBFB5A}.SingleImage|Mixed Platforms.ActiveCfg = Release|Any CPU
		{DB1F28CF-682E-4A93-A337-54F1D2EBFB5A}.SingleImage|Mixed Platforms.Build.0 = Release|Any CPU
		{DB1F28CF-682E-4A93-A337-54F1D2EBFB5A}.SingleImage|x86.ActiveCfg = Release|Any CPU
		{88FF8DF6-86FC-40AD-B4BE-71B87A4A5423}.CD_ROM|Any CPU.ActiveCfg = Release|Any CPU
		{88FF8DF6-86FC-40AD-B4BE-71B87A4A5423}.CD_ROM|Any CPU.Build.0 = Release|Any CPU
		{88FF8DF6-86FC-40AD-B4BE-71B87A4A5423}.CD_ROM|Mixed Platforms.ActiveCfg = Release|Any CPU
		{88FF8DF6-86FC-40AD-B4BE-71B87A4A5423}.CD_ROM|Mixed Platforms.Build.0 = Release|Any CPU
		{88FF8DF6-86FC-40AD-B4BE-71B87A4A5423}.CD_ROM|x86.ActiveCfg = Release|Any CPU
		{88FF8DF6-86FC-40AD-B4BE-71B87A4A5423}.Debug|Any CPU.ActiveCfg = Debug|Any CPU
		{88FF8DF6-86FC-40AD-B4BE-71B87A4A5423}.Debug|Any CPU.Build.0 = Debug|Any CPU
		{88FF8DF6-86FC-40AD-B4BE-71B87A4A5423}.Debug|Mixed Platforms.ActiveCfg = Debug|x86
		{88FF8DF6-86FC-40AD-B4BE-71B87A4A5423}.Debug|Mixed Platforms.Build.0 = Debug|x86
		{88FF8DF6-86FC-40AD-B4BE-71B87A4A5423}.Debug|x86.ActiveCfg = Debug|Any CPU
		{88FF8DF6-86FC-40AD-B4BE-71B87A4A5423}.DVD-5|Any CPU.ActiveCfg = Debug|Any CPU
		{88FF8DF6-86FC-40AD-B4BE-71B87A4A5423}.DVD-5|Any CPU.Build.0 = Debug|Any CPU
		{88FF8DF6-86FC-40AD-B4BE-71B87A4A5423}.DVD-5|Mixed Platforms.ActiveCfg = Debug|Any CPU
		{88FF8DF6-86FC-40AD-B4BE-71B87A4A5423}.DVD-5|Mixed Platforms.Build.0 = Debug|Any CPU
		{88FF8DF6-86FC-40AD-B4BE-71B87A4A5423}.DVD-5|x86.ActiveCfg = Debug|Any CPU
		{88FF8DF6-86FC-40AD-B4BE-71B87A4A5423}.Release|Any CPU.ActiveCfg = Release|Any CPU
		{88FF8DF6-86FC-40AD-B4BE-71B87A4A5423}.Release|Any CPU.Build.0 = Release|Any CPU
		{88FF8DF6-86FC-40AD-B4BE-71B87A4A5423}.Release|Mixed Platforms.ActiveCfg = Release|x86
		{88FF8DF6-86FC-40AD-B4BE-71B87A4A5423}.Release|Mixed Platforms.Build.0 = Release|x86
		{88FF8DF6-86FC-40AD-B4BE-71B87A4A5423}.Release|x86.ActiveCfg = Release|Any CPU
		{88FF8DF6-86FC-40AD-B4BE-71B87A4A5423}.SingleImage|Any CPU.ActiveCfg = Release|Any CPU
		{88FF8DF6-86FC-40AD-B4BE-71B87A4A5423}.SingleImage|Any CPU.Build.0 = Release|Any CPU
		{88FF8DF6-86FC-40AD-B4BE-71B87A4A5423}.SingleImage|Mixed Platforms.ActiveCfg = Release|Any CPU
		{88FF8DF6-86FC-40AD-B4BE-71B87A4A5423}.SingleImage|Mixed Platforms.Build.0 = Release|Any CPU
		{88FF8DF6-86FC-40AD-B4BE-71B87A4A5423}.SingleImage|x86.ActiveCfg = Release|Any CPU
		{F94D9266-BCC0-40D3-8727-7F0F13D946E0}.CD_ROM|Any CPU.ActiveCfg = Release|Any CPU
		{F94D9266-BCC0-40D3-8727-7F0F13D946E0}.CD_ROM|Any CPU.Build.0 = Release|Any CPU
		{F94D9266-BCC0-40D3-8727-7F0F13D946E0}.CD_ROM|Mixed Platforms.ActiveCfg = Release|Any CPU
		{F94D9266-BCC0-40D3-8727-7F0F13D946E0}.CD_ROM|Mixed Platforms.Build.0 = Release|Any CPU
		{F94D9266-BCC0-40D3-8727-7F0F13D946E0}.CD_ROM|x86.ActiveCfg = Release|Any CPU
		{F94D9266-BCC0-40D3-8727-7F0F13D946E0}.Debug|Any CPU.ActiveCfg = Debug|Any CPU
		{F94D9266-BCC0-40D3-8727-7F0F13D946E0}.Debug|Any CPU.Build.0 = Debug|Any CPU
		{F94D9266-BCC0-40D3-8727-7F0F13D946E0}.Debug|Mixed Platforms.ActiveCfg = Debug|x86
		{F94D9266-BCC0-40D3-8727-7F0F13D946E0}.Debug|Mixed Platforms.Build.0 = Debug|x86
		{F94D9266-BCC0-40D3-8727-7F0F13D946E0}.Debug|x86.ActiveCfg = Debug|Any CPU
		{F94D9266-BCC0-40D3-8727-7F0F13D946E0}.DVD-5|Any CPU.ActiveCfg = Debug|Any CPU
		{F94D9266-BCC0-40D3-8727-7F0F13D946E0}.DVD-5|Any CPU.Build.0 = Debug|Any CPU
		{F94D9266-BCC0-40D3-8727-7F0F13D946E0}.DVD-5|Mixed Platforms.ActiveCfg = Debug|Any CPU
		{F94D9266-BCC0-40D3-8727-7F0F13D946E0}.DVD-5|Mixed Platforms.Build.0 = Debug|Any CPU
		{F94D9266-BCC0-40D3-8727-7F0F13D946E0}.DVD-5|x86.ActiveCfg = Debug|Any CPU
		{F94D9266-BCC0-40D3-8727-7F0F13D946E0}.Release|Any CPU.ActiveCfg = Release|Any CPU
		{F94D9266-BCC0-40D3-8727-7F0F13D946E0}.Release|Any CPU.Build.0 = Release|Any CPU
		{F94D9266-BCC0-40D3-8727-7F0F13D946E0}.Release|Mixed Platforms.ActiveCfg = Release|x86
		{F94D9266-BCC0-40D3-8727-7F0F13D946E0}.Release|Mixed Platforms.Build.0 = Release|x86
		{F94D9266-BCC0-40D3-8727-7F0F13D946E0}.Release|x86.ActiveCfg = Release|Any CPU
		{F94D9266-BCC0-40D3-8727-7F0F13D946E0}.SingleImage|Any CPU.ActiveCfg = Release|Any CPU
		{F94D9266-BCC0-40D3-8727-7F0F13D946E0}.SingleImage|Any CPU.Build.0 = Release|Any CPU
		{F94D9266-BCC0-40D3-8727-7F0F13D946E0}.SingleImage|Mixed Platforms.ActiveCfg = Release|Any CPU
		{F94D9266-BCC0-40D3-8727-7F0F13D946E0}.SingleImage|Mixed Platforms.Build.0 = Release|Any CPU
		{F94D9266-BCC0-40D3-8727-7F0F13D946E0}.SingleImage|x86.ActiveCfg = Release|Any CPU
		{36BF2F9D-4228-4830-ABAE-6F17B4DACA9E}.CD_ROM|Any CPU.ActiveCfg = Release|Any CPU
		{36BF2F9D-4228-4830-ABAE-6F17B4DACA9E}.CD_ROM|Any CPU.Build.0 = Release|Any CPU
		{36BF2F9D-4228-4830-ABAE-6F17B4DACA9E}.CD_ROM|Mixed Platforms.ActiveCfg = Release|Any CPU
		{36BF2F9D-4228-4830-ABAE-6F17B4DACA9E}.CD_ROM|Mixed Platforms.Build.0 = Release|Any CPU
		{36BF2F9D-4228-4830-ABAE-6F17B4DACA9E}.CD_ROM|x86.ActiveCfg = Release|Any CPU
		{36BF2F9D-4228-4830-ABAE-6F17B4DACA9E}.Debug|Any CPU.ActiveCfg = Debug|Any CPU
		{36BF2F9D-4228-4830-ABAE-6F17B4DACA9E}.Debug|Any CPU.Build.0 = Debug|Any CPU
		{36BF2F9D-4228-4830-ABAE-6F17B4DACA9E}.Debug|Mixed Platforms.ActiveCfg = Debug|Any CPU
		{36BF2F9D-4228-4830-ABAE-6F17B4DACA9E}.Debug|Mixed Platforms.Build.0 = Debug|Any CPU
		{36BF2F9D-4228-4830-ABAE-6F17B4DACA9E}.Debug|x86.ActiveCfg = Debug|Any CPU
		{36BF2F9D-4228-4830-ABAE-6F17B4DACA9E}.DVD-5|Any CPU.ActiveCfg = Debug|Any CPU
		{36BF2F9D-4228-4830-ABAE-6F17B4DACA9E}.DVD-5|Any CPU.Build.0 = Debug|Any CPU
		{36BF2F9D-4228-4830-ABAE-6F17B4DACA9E}.DVD-5|Mixed Platforms.ActiveCfg = Debug|Any CPU
		{36BF2F9D-4228-4830-ABAE-6F17B4DACA9E}.DVD-5|Mixed Platforms.Build.0 = Debug|Any CPU
		{36BF2F9D-4228-4830-ABAE-6F17B4DACA9E}.DVD-5|x86.ActiveCfg = Debug|Any CPU
		{36BF2F9D-4228-4830-ABAE-6F17B4DACA9E}.Release|Any CPU.ActiveCfg = Release|Any CPU
		{36BF2F9D-4228-4830-ABAE-6F17B4DACA9E}.Release|Any CPU.Build.0 = Release|Any CPU
		{36BF2F9D-4228-4830-ABAE-6F17B4DACA9E}.Release|Mixed Platforms.ActiveCfg = Release|Any CPU
		{36BF2F9D-4228-4830-ABAE-6F17B4DACA9E}.Release|Mixed Platforms.Build.0 = Release|Any CPU
		{36BF2F9D-4228-4830-ABAE-6F17B4DACA9E}.Release|x86.ActiveCfg = Release|Any CPU
		{36BF2F9D-4228-4830-ABAE-6F17B4DACA9E}.SingleImage|Any CPU.ActiveCfg = Release|Any CPU
		{36BF2F9D-4228-4830-ABAE-6F17B4DACA9E}.SingleImage|Any CPU.Build.0 = Release|Any CPU
		{36BF2F9D-4228-4830-ABAE-6F17B4DACA9E}.SingleImage|Mixed Platforms.ActiveCfg = Release|Any CPU
		{36BF2F9D-4228-4830-ABAE-6F17B4DACA9E}.SingleImage|Mixed Platforms.Build.0 = Release|Any CPU
		{36BF2F9D-4228-4830-ABAE-6F17B4DACA9E}.SingleImage|x86.ActiveCfg = Release|Any CPU
		{37F8A28B-A40E-48F8-B827-206E3E68C25E}.CD_ROM|Any CPU.ActiveCfg = Release|Any CPU
		{37F8A28B-A40E-48F8-B827-206E3E68C25E}.CD_ROM|Any CPU.Build.0 = Release|Any CPU
		{37F8A28B-A40E-48F8-B827-206E3E68C25E}.CD_ROM|Mixed Platforms.ActiveCfg = Release|Any CPU
		{37F8A28B-A40E-48F8-B827-206E3E68C25E}.CD_ROM|Mixed Platforms.Build.0 = Release|Any CPU
		{37F8A28B-A40E-48F8-B827-206E3E68C25E}.CD_ROM|x86.ActiveCfg = Release|Any CPU
		{37F8A28B-A40E-48F8-B827-206E3E68C25E}.Debug|Any CPU.ActiveCfg = Debug|Any CPU
		{37F8A28B-A40E-48F8-B827-206E3E68C25E}.Debug|Any CPU.Build.0 = Debug|Any CPU
		{37F8A28B-A40E-48F8-B827-206E3E68C25E}.Debug|Mixed Platforms.ActiveCfg = Debug|x86
		{37F8A28B-A40E-48F8-B827-206E3E68C25E}.Debug|Mixed Platforms.Build.0 = Debug|x86
		{37F8A28B-A40E-48F8-B827-206E3E68C25E}.Debug|x86.ActiveCfg = Debug|Any CPU
		{37F8A28B-A40E-48F8-B827-206E3E68C25E}.DVD-5|Any CPU.ActiveCfg = Debug|Any CPU
		{37F8A28B-A40E-48F8-B827-206E3E68C25E}.DVD-5|Any CPU.Build.0 = Debug|Any CPU
		{37F8A28B-A40E-48F8-B827-206E3E68C25E}.DVD-5|Mixed Platforms.ActiveCfg = Debug|Any CPU
		{37F8A28B-A40E-48F8-B827-206E3E68C25E}.DVD-5|Mixed Platforms.Build.0 = Debug|Any CPU
		{37F8A28B-A40E-48F8-B827-206E3E68C25E}.DVD-5|x86.ActiveCfg = Debug|Any CPU
		{37F8A28B-A40E-48F8-B827-206E3E68C25E}.Release|Any CPU.ActiveCfg = Release|Any CPU
		{37F8A28B-A40E-48F8-B827-206E3E68C25E}.Release|Any CPU.Build.0 = Release|Any CPU
		{37F8A28B-A40E-48F8-B827-206E3E68C25E}.Release|Mixed Platforms.ActiveCfg = Release|Any CPU
		{37F8A28B-A40E-48F8-B827-206E3E68C25E}.Release|Mixed Platforms.Build.0 = Release|Any CPU
		{37F8A28B-A40E-48F8-B827-206E3E68C25E}.Release|x86.ActiveCfg = Release|Any CPU
		{37F8A28B-A40E-48F8-B827-206E3E68C25E}.SingleImage|Any CPU.ActiveCfg = Release|Any CPU
		{37F8A28B-A40E-48F8-B827-206E3E68C25E}.SingleImage|Any CPU.Build.0 = Release|Any CPU
		{37F8A28B-A40E-48F8-B827-206E3E68C25E}.SingleImage|Mixed Platforms.ActiveCfg = Release|Any CPU
		{37F8A28B-A40E-48F8-B827-206E3E68C25E}.SingleImage|Mixed Platforms.Build.0 = Release|Any CPU
		{37F8A28B-A40E-48F8-B827-206E3E68C25E}.SingleImage|x86.ActiveCfg = Release|Any CPU
		{F82EA56B-4288-4AE6-99E1-1551D7A1ED8E}.CD_ROM|Any CPU.ActiveCfg = Release|Any CPU
		{F82EA56B-4288-4AE6-99E1-1551D7A1ED8E}.CD_ROM|Any CPU.Build.0 = Release|Any CPU
		{F82EA56B-4288-4AE6-99E1-1551D7A1ED8E}.CD_ROM|Mixed Platforms.ActiveCfg = Release|Any CPU
		{F82EA56B-4288-4AE6-99E1-1551D7A1ED8E}.CD_ROM|Mixed Platforms.Build.0 = Release|Any CPU
		{F82EA56B-4288-4AE6-99E1-1551D7A1ED8E}.CD_ROM|x86.ActiveCfg = Release|Any CPU
		{F82EA56B-4288-4AE6-99E1-1551D7A1ED8E}.Debug|Any CPU.ActiveCfg = Debug|Any CPU
		{F82EA56B-4288-4AE6-99E1-1551D7A1ED8E}.Debug|Any CPU.Build.0 = Debug|Any CPU
		{F82EA56B-4288-4AE6-99E1-1551D7A1ED8E}.Debug|Mixed Platforms.ActiveCfg = Debug|x86
		{F82EA56B-4288-4AE6-99E1-1551D7A1ED8E}.Debug|Mixed Platforms.Build.0 = Debug|x86
		{F82EA56B-4288-4AE6-99E1-1551D7A1ED8E}.Debug|x86.ActiveCfg = Debug|Any CPU
		{F82EA56B-4288-4AE6-99E1-1551D7A1ED8E}.DVD-5|Any CPU.ActiveCfg = Debug|Any CPU
		{F82EA56B-4288-4AE6-99E1-1551D7A1ED8E}.DVD-5|Any CPU.Build.0 = Debug|Any CPU
		{F82EA56B-4288-4AE6-99E1-1551D7A1ED8E}.DVD-5|Mixed Platforms.ActiveCfg = Debug|Any CPU
		{F82EA56B-4288-4AE6-99E1-1551D7A1ED8E}.DVD-5|Mixed Platforms.Build.0 = Debug|Any CPU
		{F82EA56B-4288-4AE6-99E1-1551D7A1ED8E}.DVD-5|x86.ActiveCfg = Debug|Any CPU
		{F82EA56B-4288-4AE6-99E1-1551D7A1ED8E}.Release|Any CPU.ActiveCfg = Release|Any CPU
		{F82EA56B-4288-4AE6-99E1-1551D7A1ED8E}.Release|Any CPU.Build.0 = Release|Any CPU
		{F82EA56B-4288-4AE6-99E1-1551D7A1ED8E}.Release|Mixed Platforms.ActiveCfg = Release|Any CPU
		{F82EA56B-4288-4AE6-99E1-1551D7A1ED8E}.Release|Mixed Platforms.Build.0 = Release|Any CPU
		{F82EA56B-4288-4AE6-99E1-1551D7A1ED8E}.Release|x86.ActiveCfg = Release|Any CPU
		{F82EA56B-4288-4AE6-99E1-1551D7A1ED8E}.SingleImage|Any CPU.ActiveCfg = Release|Any CPU
		{F82EA56B-4288-4AE6-99E1-1551D7A1ED8E}.SingleImage|Any CPU.Build.0 = Release|Any CPU
		{F82EA56B-4288-4AE6-99E1-1551D7A1ED8E}.SingleImage|Mixed Platforms.ActiveCfg = Release|Any CPU
		{F82EA56B-4288-4AE6-99E1-1551D7A1ED8E}.SingleImage|Mixed Platforms.Build.0 = Release|Any CPU
		{F82EA56B-4288-4AE6-99E1-1551D7A1ED8E}.SingleImage|x86.ActiveCfg = Release|Any CPU
		{07BC6940-61D2-490A-A194-EF6814AA87D8}.CD_ROM|Any CPU.ActiveCfg = Release|Any CPU
		{07BC6940-61D2-490A-A194-EF6814AA87D8}.CD_ROM|Any CPU.Build.0 = Release|Any CPU
		{07BC6940-61D2-490A-A194-EF6814AA87D8}.CD_ROM|Mixed Platforms.ActiveCfg = Release|Any CPU
		{07BC6940-61D2-490A-A194-EF6814AA87D8}.CD_ROM|Mixed Platforms.Build.0 = Release|Any CPU
		{07BC6940-61D2-490A-A194-EF6814AA87D8}.CD_ROM|x86.ActiveCfg = Release|Any CPU
		{07BC6940-61D2-490A-A194-EF6814AA87D8}.Debug|Any CPU.ActiveCfg = Debug|Any CPU
		{07BC6940-61D2-490A-A194-EF6814AA87D8}.Debug|Any CPU.Build.0 = Debug|Any CPU
		{07BC6940-61D2-490A-A194-EF6814AA87D8}.Debug|Mixed Platforms.ActiveCfg = Debug|x86
		{07BC6940-61D2-490A-A194-EF6814AA87D8}.Debug|Mixed Platforms.Build.0 = Debug|x86
		{07BC6940-61D2-490A-A194-EF6814AA87D8}.Debug|x86.ActiveCfg = Debug|Any CPU
		{07BC6940-61D2-490A-A194-EF6814AA87D8}.DVD-5|Any CPU.ActiveCfg = Debug|Any CPU
		{07BC6940-61D2-490A-A194-EF6814AA87D8}.DVD-5|Any CPU.Build.0 = Debug|Any CPU
		{07BC6940-61D2-490A-A194-EF6814AA87D8}.DVD-5|Mixed Platforms.ActiveCfg = Debug|Any CPU
		{07BC6940-61D2-490A-A194-EF6814AA87D8}.DVD-5|Mixed Platforms.Build.0 = Debug|Any CPU
		{07BC6940-61D2-490A-A194-EF6814AA87D8}.DVD-5|x86.ActiveCfg = Debug|Any CPU
		{07BC6940-61D2-490A-A194-EF6814AA87D8}.Release|Any CPU.ActiveCfg = Release|Any CPU
		{07BC6940-61D2-490A-A194-EF6814AA87D8}.Release|Any CPU.Build.0 = Release|Any CPU
		{07BC6940-61D2-490A-A194-EF6814AA87D8}.Release|Mixed Platforms.ActiveCfg = Release|Any CPU
		{07BC6940-61D2-490A-A194-EF6814AA87D8}.Release|Mixed Platforms.Build.0 = Release|Any CPU
		{07BC6940-61D2-490A-A194-EF6814AA87D8}.Release|x86.ActiveCfg = Release|Any CPU
		{07BC6940-61D2-490A-A194-EF6814AA87D8}.SingleImage|Any CPU.ActiveCfg = Release|Any CPU
		{07BC6940-61D2-490A-A194-EF6814AA87D8}.SingleImage|Any CPU.Build.0 = Release|Any CPU
		{07BC6940-61D2-490A-A194-EF6814AA87D8}.SingleImage|Mixed Platforms.ActiveCfg = Release|Any CPU
		{07BC6940-61D2-490A-A194-EF6814AA87D8}.SingleImage|Mixed Platforms.Build.0 = Release|Any CPU
		{07BC6940-61D2-490A-A194-EF6814AA87D8}.SingleImage|x86.ActiveCfg = Release|Any CPU
	EndGlobalSection
	GlobalSection(SolutionProperties) = preSolution
		HideSolutionNode = FALSE
	EndGlobalSection
	GlobalSection(NestedProjects) = preSolution
		{7AB40B0B-F56B-4525-BA74-B70BD02BF687} = {1D1B12D8-5C3C-4D20-833B-9BAABCAB662B}
		{37F8A28B-A40E-48F8-B827-206E3E68C25E} = {5F2C1012-368D-44E9-9808-6FE2A96D4A17}
		{F82EA56B-4288-4AE6-99E1-1551D7A1ED8E} = {1D1B12D8-5C3C-4D20-833B-9BAABCAB662B}
		{07BC6940-61D2-490A-A194-EF6814AA87D8} = {2C734120-A9FE-4A39-8DB2-A15A92D8F204}
	EndGlobalSection
EndGlobal
